PODS:
  - Flutter (3.0.0)
  - shared (1.0):
    - Flutter

DEPENDENCIES:
  - shared (from `../../shared`)

SPEC REPOS:
  trunk:
    - Flutter

EXTERNAL SOURCES:
  shared:
    :path: "../../shared"

SPEC CHECKSUMS:
  Flutter: aef388869c2d2beecc8df50c818fa66e9c6eb1fb
  shared: 36ed5615c0ec633be3dc237d8537b80e128e8354

PODFILE CHECKSUM: 7db1b2c1d7a024828ab4241a155f785903cf0366

COCOAPODS: 1.15.2
